
Microsoft Visual Studio Solution File, Format Version 12.00
# Visual Studio Version 17
VisualStudioVersion = 17.8.34511.84
MinimumVisualStudioVersion = 10.0.40219.1
Project("{FAE04EC0-301F-11D3-BF4B-00C04F79EFBC}") = "FullStackDevelopmentUsingAspnetCore8MVC", "FullStackDevelopmentUsingAspnetCore8MVC.csproj", "{0B97A1B3-93C0-4E51-9DD6-BC9E5BF92ACA}"
EndProject
Global
	GlobalSection(SolutionConfigurationPlatforms) = preSolution
		Debug|Any CPU = Debug|Any CPU
		Release|Any CPU = Release|Any CPU
	EndGlobalSection
	GlobalSection(ProjectConfigurationPlatforms) = postSolution
		{0B97A1B3-93C0-4E51-9DD6-BC9E5BF92ACA}.Debug|Any CPU.ActiveCfg = Debug|Any CPU
		{0B97A1B3-93C0-4E51-9DD6-BC9E5BF92ACA}.Debug|Any CPU.Build.0 = Debug|Any CPU
		{0B97A1B3-93C0-4E51-9DD6-BC9E5BF92ACA}.Release|Any CPU.ActiveCfg = Release|Any CPU
		{0B97A1B3-93C0-4E51-9DD6-BC9E5BF92ACA}.Release|Any CPU.Build.0 = Release|Any CPU
	EndGlobalSection
	GlobalSection(SolutionProperties) = preSolution
		HideSolutionNode = FALSE
	EndGlobalSection
	GlobalSection(ExtensibilityGlobals) = postSolution
		SolutionGuid = {A02C5C08-3DCB-4BCA-B89E-CC654E33EF22}
	EndGlobalSection
EndGlobal
